
Microsoft Visual Studio Solution File, Format Version 12.00
# Visual Studio 15
VisualStudioVersion = 15.0.28010.2003
MinimumVisualStudioVersion = 10.0.40219.1
Project("{FAE04EC0-301F-11D3-BF4B-00C04F79EFBC}") = "russian_rollete", "russian rollete\russian_rollete.csproj", "{32435EE6-490E-4A94-A811-17E289D585DB}"
EndProject
Global
	GlobalSection(SolutionConfigurationPlatforms) = preSolution
		Debug|Any CPU = Debug|Any CPU
		Release|Any CPU = Release|Any CPU
	EndGlobalSection
	GlobalSection(ProjectConfigurationPlatforms) = postSolution
		{32435EE6-490E-4A94-A811-17E289D585DB}.Debug|Any CPU.ActiveCfg = Debug|Any CPU
		{32435EE6-490E-4A94-A811-17E289D585DB}.Debug|Any CPU.Build.0 = Debug|Any CPU
		{32435EE6-490E-4A94-A811-17E289D585DB}.Release|Any CPU.ActiveCfg = Release|Any CPU
		{32435EE6-490E-4A94-A811-17E289D585DB}.Release|Any CPU.Build.0 = Release|Any CPU
	EndGlobalSection
	GlobalSection(SolutionProperties) = preSolution
		HideSolutionNode = FALSE
	EndGlobalSection
	GlobalSection(ExtensibilityGlobals) = postSolution
		SolutionGuid = {4C0C3F1F-6F0C-4F32-937B-A976A1099363}
	EndGlobalSection
EndGlobal
